
Microsoft Visual Studio Solution File, Format Version 12.00
# Visual Studio Version 17
VisualStudioVersion = 17.10.35013.160
MinimumVisualStudioVersion = 10.0.40219.1
Project("{FAE04EC0-301F-11D3-BF4B-00C04F79EFBC}") = "EventAndMediaHub", "EventAndMediaHub\EventAndMediaHub.csproj", "{4A1705E8-796D-4120-9DFC-BC4A416C37B3}"
EndProject
Global
	GlobalSection(SolutionConfigurationPlatforms) = preSolution
		Debug|Any CPU = Debug|Any CPU
		Release|Any CPU = Release|Any CPU
	EndGlobalSection
	GlobalSection(ProjectConfigurationPlatforms) = postSolution
		{4A1705E8-796D-4120-9DFC-BC4A416C37B3}.Debug|Any CPU.ActiveCfg = Debug|Any CPU
		{4A1705E8-796D-4120-9DFC-BC4A416C37B3}.Debug|Any CPU.Build.0 = Debug|Any CPU
		{4A1705E8-796D-4120-9DFC-BC4A416C37B3}.Release|Any CPU.ActiveCfg = Release|Any CPU
		{4A1705E8-796D-4120-9DFC-BC4A416C37B3}.Release|Any CPU.Build.0 = Release|Any CPU
	EndGlobalSection
	GlobalSection(SolutionProperties) = preSolution
		HideSolutionNode = FALSE
	EndGlobalSection
	GlobalSection(ExtensibilityGlobals) = postSolution
		SolutionGuid = {3BF4B4DB-1F43-4EBC-A00D-6337FF67638E}
	EndGlobalSection
EndGlobal
